// !$*UTF8*$!
{
	archiveVersion = 1;
	classes = {
	};
	objectVersion = 46;
	objects = {

/* Begin PBXBuildFile section */
		18DCD7E91D01C2960084C065 /* AppDelegate.swift in Sources */ = {isa = PBXBuildFile; fileRef = 18DCD7E81D01C2960084C065 /* AppDelegate.swift */; };
		18DCD7EB1D01C2960084C065 /* ViewController.swift in Sources */ = {isa = PBXBuildFile; fileRef = 18DCD7EA1D01C2960084C065 /* ViewController.swift */; };
		18DCD7EE1D01C2960084C065 /* Main.storyboard in Resources */ = {isa = PBXBuildFile; fileRef = 18DCD7EC1D01C2960084C065 /* Main.storyboard */; };
		18DCD7F11D01C2960084C065 /* Salaire.xcdatamodeld in Sources */ = {isa = PBXBuildFile; fileRef = 18DCD7EF1D01C2960084C065 /* Salaire.xcdatamodeld */; };
		18DCD7F31D01C2960084C065 /* Assets.xcassets in Resources */ = {isa = PBXBuildFile; fileRef = 18DCD7F21D01C2960084C065 /* Assets.xcassets */; };
		18DCD7F61D01C2970084C065 /* LaunchScreen.storyboard in Resources */ = {isa = PBXBuildFile; fileRef = 18DCD7F41D01C2970084C065 /* LaunchScreen.storyboard */; };
		18DCD8011D01C2970084C065 /* SalaireTests.swift in Sources */ = {isa = PBXBuildFile; fileRef = 18DCD8001D01C2970084C065 /* SalaireTests.swift */; };
		18DCD80C1D01C2970084C065 /* SalaireUITests.swift in Sources */ = {isa = PBXBuildFile; fileRef = 18DCD80B1D01C2970084C065 /* SalaireUITests.swift */; };
		3679846046544C10962C7C0F /* Pods_Salaire.framework in Frameworks */ = {isa = PBXBuildFile; fileRef = F48B02A00D90DF039A6FC71E /* Pods_Salaire.framework */; };
/* End PBXBuildFile section */

/* Begin PBXContainerItemProxy section */
		18DCD7FD1D01C2970084C065 /* PBXContainerItemProxy */ = {
			isa = PBXContainerItemProxy;
			containerPortal = 18DCD7DD1D01C2960084C065 /* Project object */;
			proxyType = 1;
			remoteGlobalIDString = 18DCD7E41D01C2960084C065;
			remoteInfo = Salaire;
		};
		18DCD8081D01C2970084C065 /* PBXContainerItemProxy */ = {
			isa = PBXContainerItemProxy;
			containerPortal = 18DCD7DD1D01C2960084C065 /* Project object */;
			proxyType = 1;
			remoteGlobalIDString = 18DCD7E41D01C2960084C065;
			remoteInfo = Salaire;
		};
/* End PBXContainerItemProxy section */

/* Begin PBXFileReference section */
		18DCD7E51D01C2960084C065 /* Salaire.app */ = {isa = PBXFileReference; explicitFileType = wrapper.application; includeInIndex = 0; path = Salaire.app; sourceTree = BUILT_PRODUCTS_DIR; };
		18DCD7E81D01C2960084C065 /* AppDelegate.swift */ = {isa = PBXFileReference; lastKnownFileType = sourcecode.swift; path = AppDelegate.swift; sourceTree = "<group>"; };
		18DCD7EA1D01C2960084C065 /* ViewController.swift */ = {isa = PBXFileReference; lastKnownFileType = sourcecode.swift; path = ViewController.swift; sourceTree = "<group>"; };
		18DCD7ED1D01C2960084C065 /* Base */ = {isa = PBXFileReference; lastKnownFileType = file.storyboard; name = Base; path = Base.lproj/Main.storyboard; sourceTree = "<group>"; };
		18DCD7F01D01C2960084C065 /* Salaire.xcdatamodel */ = {isa = PBXFileReference; lastKnownFileType = wrapper.xcdatamodel; path = Salaire.xcdatamodel; sourceTree = "<group>"; };
		18DCD7F21D01C2960084C065 /* Assets.xcassets */ = {isa = PBXFileReference; lastKnownFileType = folder.assetcatalog; path = Assets.xcassets; sourceTree = "<group>"; };
		18DCD7F51D01C2970084C065 /* Base */ = {isa = PBXFileReference; lastKnownFileType = file.storyboard; name = Base; path = Base.lproj/LaunchScreen.storyboard; sourceTree = "<group>"; };
		18DCD7F71D01C2970084C065 /* Info.plist */ = {isa = PBXFileReference; lastKnownFileType = text.plist.xml; path = Info.plist; sourceTree = "<group>"; };
		18DCD7FC1D01C2970084C065 /* SalaireTests.xctest */ = {isa = PBXFileReference; explicitFileType = wrapper.cfbundle; includeInIndex = 0; path = SalaireTests.xctest; sourceTree = BUILT_PRODUCTS_DIR; };
		18DCD8001D01C2970084C065 /* SalaireTests.swift */ = {isa = PBXFileReference; lastKnownFileType = sourcecode.swift; path = SalaireTests.swift; sourceTree = "<group>"; };
		18DCD8021D01C2970084C065 /* Info.plist */ = {isa = PBXFileReference; lastKnownFileType = text.plist.xml; path = Info.plist; sourceTree = "<group>"; };
		18DCD8071D01C2970084C065 /* SalaireUITests.xctest */ = {isa = PBXFileReference; explicitFileType = wrapper.cfbundle; includeInIndex = 0; path = SalaireUITests.xctest; sourceTree = BUILT_PRODUCTS_DIR; };
		18DCD80B1D01C2970084C065 /* SalaireUITests.swift */ = {isa = PBXFileReference; lastKnownFileType = sourcecode.swift; path = SalaireUITests.swift; sourceTree = "<group>"; };
		18DCD80D1D01C2970084C065 /* Info.plist */ = {isa = PBXFileReference; lastKnownFileType = text.plist.xml; path = Info.plist; sourceTree = "<group>"; };
		5170FD8DEED32413EBD2F6A7 /* Pods-Salaire.release.xcconfig */ = {isa = PBXFileReference; includeInIndex = 1; lastKnownFileType = text.xcconfig; name = "Pods-Salaire.release.xcconfig"; path = "Pods/Target Support Files/Pods-Salaire/Pods-Salaire.release.xcconfig"; sourceTree = "<group>"; };
		66ECBC61372426358BDE14AC /* Pods-Salaire.debug.xcconfig */ = {isa = PBXFileReference; includeInIndex = 1; lastKnownFileType = text.xcconfig; name = "Pods-Salaire.debug.xcconfig"; path = "Pods/Target Support Files/Pods-Salaire/Pods-Salaire.debug.xcconfig"; sourceTree = "<group>"; };
		F48B02A00D90DF039A6FC71E /* Pods_Salaire.framework */ = {isa = PBXFileReference; explicitFileType = wrapper.framework; includeInIndex = 0; path = Pods_Salaire.framework; sourceTree = BUILT_PRODUCTS_DIR; };
/* End PBXFileReference section */

/* Begin PBXFrameworksBuildPhase section */
		18DCD7E21D01C2960084C065 /* Frameworks */ = {
			isa = PBXFrameworksBuildPhase;
			buildActionMask = 2147483647;
			files = (
				3679846046544C10962C7C0F /* Pods_Salaire.framework in Frameworks */,
			);
			runOnlyForDeploymentPostprocessing = 0;
		};
		18DCD7F91D01C2970084C065 /* Frameworks */ = {
			isa = PBXFrameworksBuildPhase;
			buildActionMask = 2147483647;
			files = (
			);
			runOnlyForDeploymentPostprocessing = 0;
		};
		18DCD8041D01C2970084C065 /* Frameworks */ = {
			isa = PBXFrameworksBuildPhase;
			buildActionMask = 2147483647;
			files = (
			);
			runOnlyForDeploymentPostprocessing = 0;
		};
/* End PBXFrameworksBuildPhase section */

/* Begin PBXGroup section */
		18DCD7DC1D01C2960084C065 = {
			isa = PBXGroup;
			children = (
				18DCD7E71D01C2960084C065 /* Salaire */,
				18DCD7FF1D01C2970084C065 /* SalaireTests */,
				18DCD80A1D01C2970084C065 /* SalaireUITests */,
				18DCD7E61D01C2960084C065 /* Products */,
				500CF73B92D1A1C0665AC9E1 /* Pods */,
				FA5B54EDB3BCE894A1BCE847 /* Frameworks */,
			);
			sourceTree = "<group>";
		};
		18DCD7E61D01C2960084C065 /* Products */ = {
			isa = PBXGroup;
			children = (
				18DCD7E51D01C2960084C065 /* Salaire.app */,
				18DCD7FC1D01C2970084C065 /* SalaireTests.xctest */,
				18DCD8071D01C2970084C065 /* SalaireUITests.xctest */,
			);
			name = Products;
			sourceTree = "<group>";
		};
		18DCD7E71D01C2960084C065 /* Salaire */ = {
			isa = PBXGroup;
			children = (
				18DCD7E81D01C2960084C065 /* AppDelegate.swift */,
				18DCD7EA1D01C2960084C065 /* ViewController.swift */,
				18DCD7EC1D01C2960084C065 /* Main.storyboard */,
				18DCD7F21D01C2960084C065 /* Assets.xcassets */,
				18DCD7F41D01C2970084C065 /* LaunchScreen.storyboard */,
				18DCD7F71D01C2970084C065 /* Info.plist */,
				18DCD7EF1D01C2960084C065 /* Salaire.xcdatamodeld */,
			);
			path = Salaire;
			sourceTree = "<group>";
		};
		18DCD7FF1D01C2970084C065 /* SalaireTests */ = {
			isa = PBXGroup;
			children = (
				18DCD8001D01C2970084C065 /* SalaireTests.swift */,
				18DCD8021D01C2970084C065 /* Info.plist */,
			);
			path = SalaireTests;
			sourceTree = "<group>";
		};
		18DCD80A1D01C2970084C065 /* SalaireUITests */ = {
			isa = PBXGroup;
			children = (
				18DCD80B1D01C2970084C065 /* SalaireUITests.swift */,
				18DCD80D1D01C2970084C065 /* Info.plist */,
			);
			path = SalaireUITests;
			sourceTree = "<group>";
		};
		500CF73B92D1A1C0665AC9E1 /* Pods */ = {
			isa = PBXGroup;
			children = (
				66ECBC61372426358BDE14AC /* Pods-Salaire.debug.xcconfig */,
				5170FD8DEED32413EBD2F6A7 /* Pods-Salaire.release.xcconfig */,
			);
			name = Pods;
			sourceTree = "<group>";
		};
		FA5B54EDB3BCE894A1BCE847 /* Frameworks */ = {
			isa = PBXGroup;
			children = (
				F48B02A00D90DF039A6FC71E /* Pods_Salaire.framework */,
			);
			name = Frameworks;
			sourceTree = "<group>";
		};
/* End PBXGroup section */

/* Begin PBXNativeTarget section */
		18DCD7E41D01C2960084C065 /* Salaire */ = {
			isa = PBXNativeTarget;
			buildConfigurationList = 18DCD8101D01C2970084C065 /* Build configuration list for PBXNativeTarget "Salaire" */;
			buildPhases = (
				5AC6BE9F2FCDBC26B3B31EA2 /* [CP] Check Pods Manifest.lock */,
				18DCD7E11D01C2960084C065 /* Sources */,
				18DCD7E21D01C2960084C065 /* Frameworks */,
				18DCD7E31D01C2960084C065 /* Resources */,
				6DC5E233740EA3C88729C794 /* [CP] Embed Pods Frameworks */,
				F3410953EFAE8993727848FA /* [CP] Copy Pods Resources */,
			);
			buildRules = (
			);
			dependencies = (
			);
			name = Salaire;
			productName = Salaire;
			productReference = 18DCD7E51D01C2960084C065 /* Salaire.app */;
			productType = "com.apple.product-type.application";
		};
		18DCD7FB1D01C2970084C065 /* SalaireTests */ = {
			isa = PBXNativeTarget;
			buildConfigurationList = 18DCD8131D01C2970084C065 /* Build configuration list for PBXNativeTarget "SalaireTests" */;
			buildPhases = (
				18DCD7F81D01C2970084C065 /* Sources */,
				18DCD7F91D01C2970084C065 /* Frameworks */,
				18DCD7FA1D01C2970084C065 /* Resources */,
			);
			buildRules = (
			);
			dependencies = (
				18DCD7FE1D01C2970084C065 /* PBXTargetDependency */,
			);
			name = SalaireTests;
			productName = SalaireTests;
			productReference = 18DCD7FC1D01C2970084C065 /* SalaireTests.xctest */;
			productType = "com.apple.product-type.bundle.unit-test";
		};
		18DCD8061D01C2970084C065 /* SalaireUITests */ = {
			isa = PBXNativeTarget;
			buildConfigurationList = 18DCD8161D01C2970084C065 /* Build configuration list for PBXNativeTarget "SalaireUITests" */;
			buildPhases = (
				18DCD8031D01C2970084C065 /* Sources */,
				18DCD8041D01C2970084C065 /* Frameworks */,
				18DCD8051D01C2970084C065 /* Resources */,
			);
			buildRules = (
			);
			dependencies = (
				18DCD8091D01C2970084C065 /* PBXTargetDependency */,
			);
			name = SalaireUITests;
			productName = SalaireUITests;
			productReference = 18DCD8071D01C2970084C065 /* SalaireUITests.xctest */;
			productType = "com.apple.product-type.bundle.ui-testing";
		};
/* End PBXNativeTarget section */

/* Begin PBXProject section */
		18DCD7DD1D01C2960084C065 /* Project object */ = {
			isa = PBXProject;
			attributes = {
				LastSwiftUpdateCheck = 0730;
				LastUpgradeCheck = 0730;
				ORGANIZATIONNAME = 42.am;
				TargetAttributes = {
					18DCD7E41D01C2960084C065 = {
						CreatedOnToolsVersion = 7.3.1;
						DevelopmentTeam = S5X8SNY6A9;
					};
					18DCD7FB1D01C2970084C065 = {
						CreatedOnToolsVersion = 7.3.1;
						TestTargetID = 18DCD7E41D01C2960084C065;
					};
					18DCD8061D01C2970084C065 = {
						CreatedOnToolsVersion = 7.3.1;
						TestTargetID = 18DCD7E41D01C2960084C065;
					};
				};
			};
			buildConfigurationList = 18DCD7E01D01C2960084C065 /* Build configuration list for PBXProject "Salaire" */;
			compatibilityVersion = "Xcode 3.2";
			developmentRegion = English;
			hasScannedForEncodings = 0;
			knownRegions = (
				en,
				Base,
			);
			mainGroup = 18DCD7DC1D01C2960084C065;
			productRefGroup = 18DCD7E61D01C2960084C065 /* Products */;
			projectDirPath = "";
			projectRoot = "";
			targets = (
				18DCD7E41D01C2960084C065 /* Salaire */,
				18DCD7FB1D01C2970084C065 /* SalaireTests */,
				18DCD8061D01C2970084C065 /* SalaireUITests */,
			);
		};
/* End PBXProject section */

/* Begin PBXResourcesBuildPhase section */
		18DCD7E31D01C2960084C065 /* Resources */ = {
			isa = PBXResourcesBuildPhase;
			buildActionMask = 2147483647;
			files = (
				18DCD7F61D01C2970084C065 /* LaunchScreen.storyboard in Resources */,
				18DCD7F31D01C2960084C065 /* Assets.xcassets in Resources */,
				18DCD7EE1D01C2960084C065 /* Main.storyboard in Resources */,
			);
			runOnlyForDeploymentPostprocessing = 0;
		};
		18DCD7FA1D01C2970084C065 /* Resources */ = {
			isa = PBXResourcesBuildPhase;
			buildActionMask = 2147483647;
			files = (
			);
			runOnlyForDeploymentPostprocessing = 0;
		};
		18DCD8051D01C2970084C065 /* Resources */ = {
			isa = PBXResourcesBuildPhase;
			buildActionMask = 2147483647;
			files = (
			);
			runOnlyForDeploymentPostprocessing = 0;
		};
/* End PBXResourcesBuildPhase section */

/* Begin PBXShellScriptBuildPhase section */
		5AC6BE9F2FCDBC26B3B31EA2 /* [CP] Check Pods Manifest.lock */ = {
			isa = PBXShellScriptBuildPhase;
			buildActionMask = 2147483647;
			files = (
			);
			inputPaths = (
			);
			name = "[CP] Check Pods Manifest.lock";
			outputPaths = (
			);
			runOnlyForDeploymentPostprocessing = 0;
			shellPath = /bin/sh;
			shellScript = "diff \"${PODS_ROOT}/../Podfile.lock\" \"${PODS_ROOT}/Manifest.lock\" > /dev/null\nif [[ $? != 0 ]] ; then\n    cat << EOM\nerror: The sandbox is not in sync with the Podfile.lock. Run 'pod install' or update your CocoaPods installation.\nEOM\n    exit 1\nfi\n";
			showEnvVarsInLog = 0;
		};
		6DC5E233740EA3C88729C794 /* [CP] Embed Pods Frameworks */ = {
			isa = PBXShellScriptBuildPhase;
			buildActionMask = 2147483647;
			files = (
			);
			inputPaths = (
			);
			name = "[CP] Embed Pods Frameworks";
			outputPaths = (
			);
			runOnlyForDeploymentPostprocessing = 0;
			shellPath = /bin/sh;
			shellScript = "\"${SRCROOT}/Pods/Target Support Files/Pods-Salaire/Pods-Salaire-frameworks.sh\"\n";
			showEnvVarsInLog = 0;
		};
		F3410953EFAE8993727848FA /* [CP] Copy Pods Resources */ = {
			isa = PBXShellScriptBuildPhase;
			buildActionMask = 2147483647;
			files = (
			);
			inputPaths = (
			);
			name = "[CP] Copy Pods Resources";
			outputPaths = (
			);
			runOnlyForDeploymentPostprocessing = 0;
			shellPath = /bin/sh;
			shellScript = "\"${SRCROOT}/Pods/Target Support Files/Pods-Salaire/Pods-Salaire-resources.sh\"\n";
			showEnvVarsInLog = 0;
		};
/* End PBXShellScriptBuildPhase section */

/* Begin PBXSourcesBuildPhase section */
		18DCD7E11D01C2960084C065 /* Sources */ = {
			isa = PBXSourcesBuildPhase;
			buildActionMask = 2147483647;
			files = (
				18DCD7EB1D01C2960084C065 /* ViewController.swift in Sources */,
				18DCD7F11D01C2960084C065 /* Salaire.xcdatamodeld in Sources */,
				18DCD7E91D01C2960084C065 /* AppDelegate.swift in Sources */,
			);
			runOnlyForDeploymentPostprocessing = 0;
		};
		18DCD7F81D01C2970084C065 /* Sources */ = {
			isa = PBXSourcesBuildPhase;
			buildActionMask = 2147483647;
			files = (
				18DCD8011D01C2970084C065 /* SalaireTests.swift in Sources */,
			);
			runOnlyForDeploymentPostprocessing = 0;
		};
		18DCD8031D01C2970084C065 /* Sources */ = {
			isa = PBXSourcesBuildPhase;
			buildActionMask = 2147483647;
			files = (
				18DCD80C1D01C2970084C065 /* SalaireUITests.swift in Sources */,
			);
			runOnlyForDeploymentPostprocessing = 0;
		};
/* End PBXSourcesBuildPhase section */

/* Begin PBXTargetDependency section */
		18DCD7FE1D01C2970084C065 /* PBXTargetDependency */ = {
			isa = PBXTargetDependency;
			target = 18DCD7E41D01C2960084C065 /* Salaire */;
			targetProxy = 18DCD7FD1D01C2970084C065 /* PBXContainerItemProxy */;
		};
		18DCD8091D01C2970084C065 /* PBXTargetDependency */ = {
			isa = PBXTargetDependency;
			target = 18DCD7E41D01C2960084C065 /* Salaire */;
			targetProxy = 18DCD8081D01C2970084C065 /* PBXContainerItemProxy */;
		};
/* End PBXTargetDependency section */

/* Begin PBXVariantGroup section */
		18DCD7EC1D01C2960084C065 /* Main.storyboard */ = {
			isa = PBXVariantGroup;
			children = (
				18DCD7ED1D01C2960084C065 /* Base */,
			);
			name = Main.storyboard;
			sourceTree = "<group>";
		};
		18DCD7F41D01C2970084C065 /* LaunchScreen.storyboard */ = {
			isa = PBXVariantGroup;
			children = (
				18DCD7F51D01C2970084C065 /* Base */,
			);
			name = LaunchScreen.storyboard;
			sourceTree = "<group>";
		};
/* End PBXVariantGroup section */

/* Begin XCBuildConfiguration section */
		18DCD80E1D01C2970084C065 /* Debug */ = {
			isa = XCBuildConfiguration;
			buildSettings = {
				ALWAYS_SEARCH_USER_PATHS = NO;
				CLANG_ANALYZER_NONNULL = YES;
				CLANG_CXX_LANGUAGE_STANDARD = "gnu++0x";
				CLANG_CXX_LIBRARY = "libc++";
				CLANG_ENABLE_MODULES = YES;
				CLANG_ENABLE_OBJC_ARC = YES;
				CLANG_WARN_BOOL_CONVERSION = YES;
				CLANG_WARN_CONSTANT_CONVERSION = YES;
				CLANG_WARN_DIRECT_OBJC_ISA_USAGE = YES_ERROR;
				CLANG_WARN_EMPTY_BODY = YES;
				CLANG_WARN_ENUM_CONVERSION = YES;
				CLANG_WARN_INT_CONVERSION = YES;
				CLANG_WARN_OBJC_ROOT_CLASS = YES_ERROR;
				CLANG_WARN_UNREACHABLE_CODE = YES;
				CLANG_WARN__DUPLICATE_METHOD_MATCH = YES;
				"CODE_SIGN_IDENTITY[sdk=iphoneos*]" = "iPhone Developer";
				COPY_PHASE_STRIP = NO;
				DEBUG_INFORMATION_FORMAT = dwarf;
				ENABLE_STRICT_OBJC_MSGSEND = YES;
				ENABLE_TESTABILITY = YES;
				GCC_C_LANGUAGE_STANDARD = gnu99;
				GCC_DYNAMIC_NO_PIC = NO;
				GCC_NO_COMMON_BLOCKS = YES;
				GCC_OPTIMIZATION_LEVEL = 0;
				GCC_PREPROCESSOR_DEFINITIONS = (
					"DEBUG=1",
					"$(inherited)",
				);
				GCC_WARN_64_TO_32_BIT_CONVERSION = YES;
				GCC_WARN_ABOUT_RETURN_TYPE = YES_ERROR;
				GCC_WARN_UNDECLARED_SELECTOR = YES;
				GCC_WARN_UNINITIALIZED_AUTOS = YES_AGGRESSIVE;
				GCC_WARN_UNUSED_FUNCTION = YES;
				GCC_WARN_UNUSED_VARIABLE = YES;
				IPHONEOS_DEPLOYMENT_TARGET = 9.3;
				MTL_ENABLE_DEBUG_INFO = YES;
				ONLY_ACTIVE_ARCH = YES;
				SDKROOT = iphoneos;
				SWIFT_OPTIMIZATION_LEVEL = "-Onone";
				TARGETED_DEVICE_FAMILY = "1,2";
			};
			name = Debug;
		};
		18DCD80F1D01C2970084C065 /* Release */ = {
			isa = XCBuildConfiguration;
			buildSettings = {
				ALWAYS_SEARCH_USER_PATHS = NO;
				CLANG_ANALYZER_NONNULL = YES;
				CLANG_CXX_LANGUAGE_STANDARD = "gnu++0x";
				CLANG_CXX_LIBRARY = "libc++";
				CLANG_ENABLE_MODULES = YES;
				CLANG_ENABLE_OBJC_ARC = YES;
				CLANG_WARN_BOOL_CONVERSION = YES;
				CLANG_WARN_CONSTANT_CONVERSION = YES;
				CLANG_WARN_DIRECT_OBJC_ISA_USAGE = YES_ERROR;
				CLANG_WARN_EMPTY_BODY = YES;
				CLANG_WARN_ENUM_CONVERSION = YES;
				CLANG_WARN_INT_CONVERSION = YES;
				CLANG_WARN_OBJC_ROOT_CLASS = YES_ERROR;
				CLANG_WARN_UNREACHABLE_CODE = YES;
				CLANG_WARN__DUPLICATE_METHOD_MATCH = YES;
				"CODE_SIGN_IDENTITY[sdk=iphoneos*]" = "iPhone Developer";
				COPY_PHASE_STRIP = NO;
				DEBUG_INFORMATION_FORMAT = "dwarf-with-dsym";
				ENABLE_NS_ASSERTIONS = NO;
				ENABLE_STRICT_OBJC_MSGSEND = YES;
				GCC_C_LANGUAGE_STANDARD = gnu99;
				GCC_NO_COMMON_BLOCKS = YES;
				GCC_WARN_64_TO_32_BIT_CONVERSION = YES;
				GCC_WARN_ABOUT_RETURN_TYPE = YES_ERROR;
				GCC_WARN_UNDECLARED_SELECTOR = YES;
				GCC_WARN_UNINITIALIZED_AUTOS = YES_AGGRESSIVE;
				GCC_WARN_UNUSED_FUNCTION = YES;
				GCC_WARN_UNUSED_VARIABLE = YES;
				IPHONEOS_DEPLOYMENT_TARGET = 9.3;
				MTL_ENABLE_DEBUG_INFO = NO;
				SDKROOT = iphoneos;
				TARGETED_DEVICE_FAMILY = "1,2";
				VALIDATE_PRODUCT = YES;
			};
			name = Release;
		};
		18DCD8111D01C2970084C065 /* Debug */ = {
			isa = XCBuildConfiguration;
			baseConfigurationReference = 66ECBC61372426358BDE14AC /* Pods-Salaire.debug.xcconfig */;
			buildSettings = {
				ASSETCATALOG_COMPILER_APPICON_NAME = AppIcon;
				CODE_SIGN_IDENTITY = "iPhone Developer";
				"CODE_SIGN_IDENTITY[sdk=iphoneos*]" = "iPhone Developer";
				INFOPLIST_FILE = Salaire/Info.plist;
				LD_RUNPATH_SEARCH_PATHS = "$(inherited) @executable_path/Frameworks";
				PRODUCT_BUNDLE_IDENTIFIER = am.42.Salaire;
				PRODUCT_NAME = "$(TARGET_NAME)";
				PROVISIONING_PROFILE = "";
			};
			name = Debug;
		};
		18DCD8121D01C2970084C065 /* Release */ = {
			isa = XCBuildConfiguration;
			baseConfigurationReference = 5170FD8DEED32413EBD2F6A7 /* Pods-Salaire.release.xcconfig */;
			buildSettings = {
				ASSETCATALOG_COMPILER_APPICON_NAME = AppIcon;
				CODE_SIGN_IDENTITY = "iPhone Developer";
				"CODE_SIGN_IDENTITY[sdk=iphoneos*]" = "iPhone Developer";
				INFOPLIST_FILE = Salaire/Info.plist;
				LD_RUNPATH_SEARCH_PATHS = "$(inherited) @executable_path/Frameworks";
				PRODUCT_BUNDLE_IDENTIFIER = am.42.Salaire;
				PRODUCT_NAME = "$(TARGET_NAME)";
				PROVISIONING_PROFILE = "";
			};
			name = Release;
		};
		18DCD8141D01C2970084C065 /* Debug */ = {
			isa = XCBuildConfiguration;
			buildSettings = {
				BUNDLE_LOADER = "$(TEST_HOST)";
				INFOPLIST_FILE = SalaireTests/Info.plist;
				LD_RUNPATH_SEARCH_PATHS = "$(inherited) @executable_path/Frameworks @loader_path/Frameworks";
				PRODUCT_BUNDLE_IDENTIFIER = am.42.SalaireTests;
				PRODUCT_NAME = "$(TARGET_NAME)";
				TEST_HOST = "$(BUILT_PRODUCTS_DIR)/Salaire.app/Salaire";
			};
			name = Debug;
		};
		18DCD8151D01C2970084C065 /* Release */ = {
			isa = XCBuildConfiguration;
			buildSettings = {
				BUNDLE_LOADER = "$(TEST_HOST)";
				INFOPLIST_FILE = SalaireTests/Info.plist;
				LD_RUNPATH_SEARCH_PATHS = "$(inherited) @executable_path/Frameworks @loader_path/Frameworks";
				PRODUCT_BUNDLE_IDENTIFIER = am.42.SalaireTests;
				PRODUCT_NAME = "$(TARGET_NAME)";
				TEST_HOST = "$(BUILT_PRODUCTS_DIR)/Salaire.app/Salaire";
			};
			name = Release;
		};
		18DCD8171D01C2970084C065 /* Debug */ = {
			isa = XCBuildConfiguration;
			buildSettings = {
				INFOPLIST_FILE = SalaireUITests/Info.plist;
				LD_RUNPATH_SEARCH_PATHS = "$(inherited) @executable_path/Frameworks @loader_path/Frameworks";
				PRODUCT_BUNDLE_IDENTIFIER = am.42.SalaireUITests;
				PRODUCT_NAME = "$(TARGET_NAME)";
				TEST_TARGET_NAME = Salaire;
			};
			name = Debug;
		};
		18DCD8181D01C2970084C065 /* Release */ = {
			isa = XCBuildConfiguration;
			buildSettings = {
				INFOPLIST_FILE = SalaireUITests/Info.plist;
				LD_RUNPATH_SEARCH_PATHS = "$(inherited) @executable_path/Frameworks @loader_path/Frameworks";
				PRODUCT_BUNDLE_IDENTIFIER = am.42.SalaireUITests;
				PRODUCT_NAME = "$(TARGET_NAME)";
				TEST_TARGET_NAME = Salaire;
			};
			name = Release;
		};
/* End XCBuildConfiguration section */

/* Begin XCConfigurationList section */
		18DCD7E01D01C2960084C065 /* Build configuration list for PBXProject "Salaire" */ = {
			isa = XCConfigurationList;
			buildConfigurations = (
				18DCD80E1D01C2970084C065 /* Debug */,
				18DCD80F1D01C2970084C065 /* Release */,
			);
			defaultConfigurationIsVisible = 0;
			defaultConfigurationName = Release;
		};
		18DCD8101D01C2970084C065 /* Build configuration list for PBXNativeTarget "Salaire" */ = {
			isa = XCConfigurationList;
			buildConfigurations = (
				18DCD8111D01C2970084C065 /* Debug */,
				18DCD8121D01C2970084C065 /* Release */,
			);
			defaultConfigurationIsVisible = 0;
			defaultConfigurationName = Release;
		};
		18DCD8131D01C2970084C065 /* Build configuration list for PBXNativeTarget "SalaireTests" */ = {
			isa = XCConfigurationList;
			buildConfigurations = (
				18DCD8141D01C2970084C065 /* Debug */,
				18DCD8151D01C2970084C065 /* Release */,
			);
			defaultConfigurationIsVisible = 0;
			defaultConfigurationName = Release;
		};
		18DCD8161D01C2970084C065 /* Build configuration list for PBXNativeTarget "SalaireUITests" */ = {
			isa = XCConfigurationList;
			buildConfigurations = (
				18DCD8171D01C2970084C065 /* Debug */,
				18DCD8181D01C2970084C065 /* Release */,
			);
			defaultConfigurationIsVisible = 0;
			defaultConfigurationName = Release;
		};
/* End XCConfigurationList section */

/* Begin XCVersionGroup section */
		18DCD7EF1D01C2960084C065 /* Salaire.xcdatamodeld */ = {
			isa = XCVersionGroup;
			children = (
				18DCD7F01D01C2960084C065 /* Salaire.xcdatamodel */,
			);
			currentVersion = 18DCD7F01D01C2960084C065 /* Salaire.xcdatamodel */;
			path = Salaire.xcdatamodeld;
			sourceTree = "<group>";
			versionGroupType = wrapper.xcdatamodel;
		};
/* End XCVersionGroup section */
	};
	rootObject = 18DCD7DD1D01C2960084C065 /* Project object */;
}
